{
  "name": "asr-project",
  "version": "1.0.0",
  "lockfileVersion": 3,
  "requires": true,
  "packages": {
    "": {
      "name": "asr-project",
      "version": "1.0.0",
      "license": "ISC",
      "devDependencies": {
        "jnaudiostream": "^1.0.2",
        "typescript": "^4.2.2"
      }
    },
    "node_modules/jnaudiostream": {
      "version": "1.0.2",
      "resolved": "https://registry.npmjs.org/jnaudiostream/-/jnaudiostream-1.0.2.tgz",
      "integrity": "sha512-TQveGrIWwZk4hl83YMihGQMxOJ1MOJX2Ho4aham+T0VDj5/fE78xVop3w4T1wsbtOj7AV/BnDQ/oP0hOPHu9IA==",
      "dev": true
    },
    "node_modules/typescript": {
      "version": "4.2.2",
      "resolved": "https://registry.npmjs.org/typescript/-/typescript-4.2.2.tgz",
      "integrity": "sha512-tbb+NVrLfnsJy3M59lsDgrzWIflR4d4TIUjz+heUnHZwdF7YsrMTKoRERiIvI2lvBG95dfpLxB21WZhys1bgaQ==",
      "dev": true,
      "bin": {
        "tsc": "bin/tsc",
        "tsserver": "bin/tsserver"
      },
      "engines": {
        "node": ">=4.2.0"
      }
    }
  }
}
